
Microsoft Visual Studio Solution File, Format Version 12.00
# Visual Studio Version 16
VisualStudioVersion = 16.0.29324.140
MinimumVisualStudioVersion = 10.0.40219.1
Project("{9A19103F-16F7-4668-BE54-9A1E7A4F7556}") = "Wtfd", "Wtfd\Wtfd.csproj", "{45DE1D3C-7FD2-43D8-AA79-A09754404B70}"
EndProject
Project("{9A19103F-16F7-4668-BE54-9A1E7A4F7556}") = "Wtfd.Tests", "Wtfd.Tests\Wtfd.Tests.csproj", "{BB315B7C-BC55-41E6-B410-31532065BEA1}"
EndProject
Global
	GlobalSection(SolutionConfigurationPlatforms) = preSolution
		Debug|Any CPU = Debug|Any CPU
		Release|Any CPU = Release|Any CPU
	EndGlobalSection
	GlobalSection(ProjectConfigurationPlatforms) = postSolution
		{45DE1D3C-7FD2-43D8-AA79-A09754404B70}.Debug|Any CPU.ActiveCfg = Debug|Any CPU
		{45DE1D3C-7FD2-43D8-AA79-A09754404B70}.Debug|Any CPU.Build.0 = Debug|Any CPU
		{45DE1D3C-7FD2-43D8-AA79-A09754404B70}.Release|Any CPU.ActiveCfg = Release|Any CPU
		{45DE1D3C-7FD2-43D8-AA79-A09754404B70}.Release|Any CPU.Build.0 = Release|Any CPU
		{BB315B7C-BC55-41E6-B410-31532065BEA1}.Debug|Any CPU.ActiveCfg = Debug|Any CPU
		{BB315B7C-BC55-41E6-B410-31532065BEA1}.Debug|Any CPU.Build.0 = Debug|Any CPU
		{BB315B7C-BC55-41E6-B410-31532065BEA1}.Release|Any CPU.ActiveCfg = Release|Any CPU
		{BB315B7C-BC55-41E6-B410-31532065BEA1}.Release|Any CPU.Build.0 = Release|Any CPU
	EndGlobalSection
	GlobalSection(SolutionProperties) = preSolution
		HideSolutionNode = FALSE
	EndGlobalSection
	GlobalSection(ExtensibilityGlobals) = postSolution
		SolutionGuid = {A941062B-06EB-48E3-938D-CB224D3BA8FB}
	EndGlobalSection
EndGlobal
